
Microsoft Visual Studio Solution File, Format Version 11.00
# Visual Studio 2010
Project("{FAE04EC0-301F-11D3-BF4B-00C04F79EFBC}") = "Neat.Procedure", "Neat.Procedure\Neat.Procedure.csproj", "{B2D67AF4-02BF-448A-AB7C-5E88A0F54B98}"
EndProject
Project("{FAE04EC0-301F-11D3-BF4B-00C04F79EFBC}") = "Neat.Procedure.Tests", "Neat.Procedure.Tests\Neat.Procedure.Tests.csproj", "{BBE78DA6-BFB6-45C9-A481-EB79D994B56D}"
EndProject
Global
	GlobalSection(SolutionConfigurationPlatforms) = preSolution
		Debug|Any CPU = Debug|Any CPU
		Release|Any CPU = Release|Any CPU
	EndGlobalSection
	GlobalSection(ProjectConfigurationPlatforms) = postSolution
		{B2D67AF4-02BF-448A-AB7C-5E88A0F54B98}.Debug|Any CPU.ActiveCfg = Debug|Any CPU
		{B2D67AF4-02BF-448A-AB7C-5E88A0F54B98}.Debug|Any CPU.Build.0 = Debug|Any CPU
		{B2D67AF4-02BF-448A-AB7C-5E88A0F54B98}.Release|Any CPU.ActiveCfg = Release|Any CPU
		{B2D67AF4-02BF-448A-AB7C-5E88A0F54B98}.Release|Any CPU.Build.0 = Release|Any CPU
		{BBE78DA6-BFB6-45C9-A481-EB79D994B56D}.Debug|Any CPU.ActiveCfg = Debug|Any CPU
		{BBE78DA6-BFB6-45C9-A481-EB79D994B56D}.Debug|Any CPU.Build.0 = Debug|Any CPU
		{BBE78DA6-BFB6-45C9-A481-EB79D994B56D}.Release|Any CPU.ActiveCfg = Release|Any CPU
		{BBE78DA6-BFB6-45C9-A481-EB79D994B56D}.Release|Any CPU.Build.0 = Release|Any CPU
	EndGlobalSection
	GlobalSection(SolutionProperties) = preSolution
		HideSolutionNode = FALSE
	EndGlobalSection
EndGlobal
